
Microsoft Visual Studio Solution File, Format Version 12.00
# Visual Studio Version 16
VisualStudioVersion = 16.0.31410.357
MinimumVisualStudioVersion = 10.0.40219.1
Project("{FAE04EC0-301F-11D3-BF4B-00C04F79EFBC}") = "TheImitationGame", "TheImitationGame\TheImitationGame.csproj", "{89753D57-42D6-49F5-B134-A82F968819DA}"
EndProject
Project("{FAE04EC0-301F-11D3-BF4B-00C04F79EFBC}") = "AdAstra", "AdAstra\AdAstra.csproj", "{741093A6-CF84-4652-B0E4-F9D3DD778643}"
EndProject
Project("{FAE04EC0-301F-11D3-BF4B-00C04F79EFBC}") = "ThePianist", "ThePianist\ThePianist.csproj", "{457E7379-A2C0-4013-9AA0-79E115B984EE}"
EndProject
Global
	GlobalSection(SolutionConfigurationPlatforms) = preSolution
		Debug|Any CPU = Debug|Any CPU
		Release|Any CPU = Release|Any CPU
	EndGlobalSection
	GlobalSection(ProjectConfigurationPlatforms) = postSolution
		{89753D57-42D6-49F5-B134-A82F968819DA}.Debug|Any CPU.ActiveCfg = Debug|Any CPU
		{89753D57-42D6-49F5-B134-A82F968819DA}.Debug|Any CPU.Build.0 = Debug|Any CPU
		{89753D57-42D6-49F5-B134-A82F968819DA}.Release|Any CPU.ActiveCfg = Release|Any CPU
		{89753D57-42D6-49F5-B134-A82F968819DA}.Release|Any CPU.Build.0 = Release|Any CPU
		{741093A6-CF84-4652-B0E4-F9D3DD778643}.Debug|Any CPU.ActiveCfg = Debug|Any CPU
		{741093A6-CF84-4652-B0E4-F9D3DD778643}.Debug|Any CPU.Build.0 = Debug|Any CPU
		{741093A6-CF84-4652-B0E4-F9D3DD778643}.Release|Any CPU.ActiveCfg = Release|Any CPU
		{741093A6-CF84-4652-B0E4-F9D3DD778643}.Release|Any CPU.Build.0 = Release|Any CPU
		{457E7379-A2C0-4013-9AA0-79E115B984EE}.Debug|Any CPU.ActiveCfg = Debug|Any CPU
		{457E7379-A2C0-4013-9AA0-79E115B984EE}.Debug|Any CPU.Build.0 = Debug|Any CPU
		{457E7379-A2C0-4013-9AA0-79E115B984EE}.Release|Any CPU.ActiveCfg = Release|Any CPU
		{457E7379-A2C0-4013-9AA0-79E115B984EE}.Release|Any CPU.Build.0 = Release|Any CPU
	EndGlobalSection
	GlobalSection(SolutionProperties) = preSolution
		HideSolutionNode = FALSE
	EndGlobalSection
	GlobalSection(ExtensibilityGlobals) = postSolution
		SolutionGuid = {4A098B4B-B037-4E39-A79D-3E4715E66E2E}
	EndGlobalSection
EndGlobal
