
Microsoft Visual Studio Solution File, Format Version 12.00
# Visual Studio Version 16
VisualStudioVersion = 16.0.31410.357
MinimumVisualStudioVersion = 10.0.40219.1
Project("{9A19103F-16F7-4668-BE54-9A1E7A4F7556}") = "WorldTour", "WorldTour\WorldTour.csproj", "{45C630EF-9EB8-44FF-BDA5-6B2D31FBD10E}"
EndProject
Project("{FAE04EC0-301F-11D3-BF4B-00C04F79EFBC}") = "DestinationMapper", "DestinationMapper\DestinationMapper.csproj", "{C9DCAF04-0203-4A8C-9943-E11376B9C3BD}"
EndProject
Project("{FAE04EC0-301F-11D3-BF4B-00C04F79EFBC}") = "PlantDiscovery", "PlantDiscovery\PlantDiscovery.csproj", "{CF0ECE75-BEB4-422D-9047-DD61F5DD3305}"
EndProject
Global
	GlobalSection(SolutionConfigurationPlatforms) = preSolution
		Debug|Any CPU = Debug|Any CPU
		Release|Any CPU = Release|Any CPU
	EndGlobalSection
	GlobalSection(ProjectConfigurationPlatforms) = postSolution
		{45C630EF-9EB8-44FF-BDA5-6B2D31FBD10E}.Debug|Any CPU.ActiveCfg = Debug|Any CPU
		{45C630EF-9EB8-44FF-BDA5-6B2D31FBD10E}.Debug|Any CPU.Build.0 = Debug|Any CPU
		{45C630EF-9EB8-44FF-BDA5-6B2D31FBD10E}.Release|Any CPU.ActiveCfg = Release|Any CPU
		{45C630EF-9EB8-44FF-BDA5-6B2D31FBD10E}.Release|Any CPU.Build.0 = Release|Any CPU
		{C9DCAF04-0203-4A8C-9943-E11376B9C3BD}.Debug|Any CPU.ActiveCfg = Debug|Any CPU
		{C9DCAF04-0203-4A8C-9943-E11376B9C3BD}.Debug|Any CPU.Build.0 = Debug|Any CPU
		{C9DCAF04-0203-4A8C-9943-E11376B9C3BD}.Release|Any CPU.ActiveCfg = Release|Any CPU
		{C9DCAF04-0203-4A8C-9943-E11376B9C3BD}.Release|Any CPU.Build.0 = Release|Any CPU
		{CF0ECE75-BEB4-422D-9047-DD61F5DD3305}.Debug|Any CPU.ActiveCfg = Debug|Any CPU
		{CF0ECE75-BEB4-422D-9047-DD61F5DD3305}.Debug|Any CPU.Build.0 = Debug|Any CPU
		{CF0ECE75-BEB4-422D-9047-DD61F5DD3305}.Release|Any CPU.ActiveCfg = Release|Any CPU
		{CF0ECE75-BEB4-422D-9047-DD61F5DD3305}.Release|Any CPU.Build.0 = Release|Any CPU
	EndGlobalSection
	GlobalSection(SolutionProperties) = preSolution
		HideSolutionNode = FALSE
	EndGlobalSection
	GlobalSection(ExtensibilityGlobals) = postSolution
		SolutionGuid = {72FC5FF3-BA18-475F-9D46-357B41B18EF4}
	EndGlobalSection
EndGlobal
