
Microsoft Visual Studio Solution File, Format Version 12.00
# Visual Studio Version 16
VisualStudioVersion = 16.0.31410.357
MinimumVisualStudioVersion = 10.0.40219.1
Project("{9A19103F-16F7-4668-BE54-9A1E7A4F7556}") = "EvenLines", "EvenLines\EvenLines.csproj", "{2C66B5BC-3068-4D35-8A49-A54A7F3D20B6}"
EndProject
Project("{9A19103F-16F7-4668-BE54-9A1E7A4F7556}") = "LineNumbers", "LineNumbers\LineNumbers.csproj", "{22BDECB1-F6C1-40CA-9954-545F776E549E}"
EndProject
Project("{9A19103F-16F7-4668-BE54-9A1E7A4F7556}") = "WordCount", "WordCount\WordCount.csproj", "{AF177A24-6427-42FD-8F9C-339668FDE2CE}"
EndProject
Project("{9A19103F-16F7-4668-BE54-9A1E7A4F7556}") = "CopyBinaryFile", "CopyBinaryFile\CopyBinaryFile.csproj", "{12E18194-5B09-49F6-87BD-578D584261D3}"
EndProject
Project("{9A19103F-16F7-4668-BE54-9A1E7A4F7556}") = "DirectoryTraversal", "DirectoryTraversal\DirectoryTraversal.csproj", "{716CE219-8C8D-47AE-A6ED-AFE49F5F327B}"
EndProject
Global
	GlobalSection(SolutionConfigurationPlatforms) = preSolution
		Debug|Any CPU = Debug|Any CPU
		Release|Any CPU = Release|Any CPU
	EndGlobalSection
	GlobalSection(ProjectConfigurationPlatforms) = postSolution
		{2C66B5BC-3068-4D35-8A49-A54A7F3D20B6}.Debug|Any CPU.ActiveCfg = Debug|Any CPU
		{2C66B5BC-3068-4D35-8A49-A54A7F3D20B6}.Debug|Any CPU.Build.0 = Debug|Any CPU
		{2C66B5BC-3068-4D35-8A49-A54A7F3D20B6}.Release|Any CPU.ActiveCfg = Release|Any CPU
		{2C66B5BC-3068-4D35-8A49-A54A7F3D20B6}.Release|Any CPU.Build.0 = Release|Any CPU
		{22BDECB1-F6C1-40CA-9954-545F776E549E}.Debug|Any CPU.ActiveCfg = Debug|Any CPU
		{22BDECB1-F6C1-40CA-9954-545F776E549E}.Debug|Any CPU.Build.0 = Debug|Any CPU
		{22BDECB1-F6C1-40CA-9954-545F776E549E}.Release|Any CPU.ActiveCfg = Release|Any CPU
		{22BDECB1-F6C1-40CA-9954-545F776E549E}.Release|Any CPU.Build.0 = Release|Any CPU
		{AF177A24-6427-42FD-8F9C-339668FDE2CE}.Debug|Any CPU.ActiveCfg = Debug|Any CPU
		{AF177A24-6427-42FD-8F9C-339668FDE2CE}.Debug|Any CPU.Build.0 = Debug|Any CPU
		{AF177A24-6427-42FD-8F9C-339668FDE2CE}.Release|Any CPU.ActiveCfg = Release|Any CPU
		{AF177A24-6427-42FD-8F9C-339668FDE2CE}.Release|Any CPU.Build.0 = Release|Any CPU
		{12E18194-5B09-49F6-87BD-578D584261D3}.Debug|Any CPU.ActiveCfg = Debug|Any CPU
		{12E18194-5B09-49F6-87BD-578D584261D3}.Debug|Any CPU.Build.0 = Debug|Any CPU
		{12E18194-5B09-49F6-87BD-578D584261D3}.Release|Any CPU.ActiveCfg = Release|Any CPU
		{12E18194-5B09-49F6-87BD-578D584261D3}.Release|Any CPU.Build.0 = Release|Any CPU
		{716CE219-8C8D-47AE-A6ED-AFE49F5F327B}.Debug|Any CPU.ActiveCfg = Debug|Any CPU
		{716CE219-8C8D-47AE-A6ED-AFE49F5F327B}.Debug|Any CPU.Build.0 = Debug|Any CPU
		{716CE219-8C8D-47AE-A6ED-AFE49F5F327B}.Release|Any CPU.ActiveCfg = Release|Any CPU
		{716CE219-8C8D-47AE-A6ED-AFE49F5F327B}.Release|Any CPU.Build.0 = Release|Any CPU
	EndGlobalSection
	GlobalSection(SolutionProperties) = preSolution
		HideSolutionNode = FALSE
	EndGlobalSection
	GlobalSection(ExtensibilityGlobals) = postSolution
		SolutionGuid = {FDED7D59-760B-4B0B-84B0-D59DA126C54E}
	EndGlobalSection
EndGlobal
