
Microsoft Visual Studio Solution File, Format Version 12.00
# Visual Studio Version 16
VisualStudioVersion = 16.0.31410.357
MinimumVisualStudioVersion = 10.0.40219.1
Project("{9A19103F-16F7-4668-BE54-9A1E7A4F7556}") = "SortEvenNumbers", "SortEvenNumbers\SortEvenNumbers.csproj", "{97B3E494-7049-40CB-8C5A-3E7BC6EA2B2B}"
EndProject
Project("{FAE04EC0-301F-11D3-BF4B-00C04F79EFBC}") = "SumNumbers", "SumNumbers\SumNumbers.csproj", "{DA69AFDA-4FC0-40B1-AE8E-F94680D0CDB0}"
EndProject
Project("{FAE04EC0-301F-11D3-BF4B-00C04F79EFBC}") = "CountUpperCaseWords", "CountUpperCaseWords\CountUpperCaseWords.csproj", "{A29B1AD9-4763-4A6D-B61B-3F857F7CBAB0}"
EndProject
Project("{FAE04EC0-301F-11D3-BF4B-00C04F79EFBC}") = "AddVAT", "AddVAT\AddVAT.csproj", "{7A9EEA9A-1EE6-466F-922E-24D48BEAA8A8}"
EndProject
Project("{FAE04EC0-301F-11D3-BF4B-00C04F79EFBC}") = "FilterByAge", "FilterByAge\FilterByAge.csproj", "{60FF3D52-E49D-448E-8C72-078D215511E5}"
EndProject
Global
	GlobalSection(SolutionConfigurationPlatforms) = preSolution
		Debug|Any CPU = Debug|Any CPU
		Release|Any CPU = Release|Any CPU
	EndGlobalSection
	GlobalSection(ProjectConfigurationPlatforms) = postSolution
		{97B3E494-7049-40CB-8C5A-3E7BC6EA2B2B}.Debug|Any CPU.ActiveCfg = Debug|Any CPU
		{97B3E494-7049-40CB-8C5A-3E7BC6EA2B2B}.Debug|Any CPU.Build.0 = Debug|Any CPU
		{97B3E494-7049-40CB-8C5A-3E7BC6EA2B2B}.Release|Any CPU.ActiveCfg = Release|Any CPU
		{97B3E494-7049-40CB-8C5A-3E7BC6EA2B2B}.Release|Any CPU.Build.0 = Release|Any CPU
		{DA69AFDA-4FC0-40B1-AE8E-F94680D0CDB0}.Debug|Any CPU.ActiveCfg = Debug|Any CPU
		{DA69AFDA-4FC0-40B1-AE8E-F94680D0CDB0}.Debug|Any CPU.Build.0 = Debug|Any CPU
		{DA69AFDA-4FC0-40B1-AE8E-F94680D0CDB0}.Release|Any CPU.ActiveCfg = Release|Any CPU
		{DA69AFDA-4FC0-40B1-AE8E-F94680D0CDB0}.Release|Any CPU.Build.0 = Release|Any CPU
		{A29B1AD9-4763-4A6D-B61B-3F857F7CBAB0}.Debug|Any CPU.ActiveCfg = Debug|Any CPU
		{A29B1AD9-4763-4A6D-B61B-3F857F7CBAB0}.Debug|Any CPU.Build.0 = Debug|Any CPU
		{A29B1AD9-4763-4A6D-B61B-3F857F7CBAB0}.Release|Any CPU.ActiveCfg = Release|Any CPU
		{A29B1AD9-4763-4A6D-B61B-3F857F7CBAB0}.Release|Any CPU.Build.0 = Release|Any CPU
		{7A9EEA9A-1EE6-466F-922E-24D48BEAA8A8}.Debug|Any CPU.ActiveCfg = Debug|Any CPU
		{7A9EEA9A-1EE6-466F-922E-24D48BEAA8A8}.Debug|Any CPU.Build.0 = Debug|Any CPU
		{7A9EEA9A-1EE6-466F-922E-24D48BEAA8A8}.Release|Any CPU.ActiveCfg = Release|Any CPU
		{7A9EEA9A-1EE6-466F-922E-24D48BEAA8A8}.Release|Any CPU.Build.0 = Release|Any CPU
		{60FF3D52-E49D-448E-8C72-078D215511E5}.Debug|Any CPU.ActiveCfg = Debug|Any CPU
		{60FF3D52-E49D-448E-8C72-078D215511E5}.Debug|Any CPU.Build.0 = Debug|Any CPU
		{60FF3D52-E49D-448E-8C72-078D215511E5}.Release|Any CPU.ActiveCfg = Release|Any CPU
		{60FF3D52-E49D-448E-8C72-078D215511E5}.Release|Any CPU.Build.0 = Release|Any CPU
	EndGlobalSection
	GlobalSection(SolutionProperties) = preSolution
		HideSolutionNode = FALSE
	EndGlobalSection
	GlobalSection(ExtensibilityGlobals) = postSolution
		SolutionGuid = {BC21AD76-3EBC-495B-9FE5-C3ABC0728357}
	EndGlobalSection
EndGlobal
