
Microsoft Visual Studio Solution File, Format Version 12.00
# Visual Studio Version 16
VisualStudioVersion = 16.0.31410.357
MinimumVisualStudioVersion = 10.0.40219.1
Project("{9A19103F-16F7-4668-BE54-9A1E7A4F7556}") = "List", "List\List.csproj", "{2E06B767-6950-43F6-B10C-1CC5AE775E7B}"
EndProject
Project("{9A19103F-16F7-4668-BE54-9A1E7A4F7556}") = "Stack", "Stack\Stack.csproj", "{8689CEA4-0BEA-4551-BA0E-990A2FEEC2EE}"
EndProject
Project("{9A19103F-16F7-4668-BE54-9A1E7A4F7556}") = "Queue", "Queue\Queue.csproj", "{C4C3EFF0-1A06-4513-9BCF-C21050A053E9}"
EndProject
Global
	GlobalSection(SolutionConfigurationPlatforms) = preSolution
		Debug|Any CPU = Debug|Any CPU
		Release|Any CPU = Release|Any CPU
	EndGlobalSection
	GlobalSection(ProjectConfigurationPlatforms) = postSolution
		{2E06B767-6950-43F6-B10C-1CC5AE775E7B}.Debug|Any CPU.ActiveCfg = Debug|Any CPU
		{2E06B767-6950-43F6-B10C-1CC5AE775E7B}.Debug|Any CPU.Build.0 = Debug|Any CPU
		{2E06B767-6950-43F6-B10C-1CC5AE775E7B}.Release|Any CPU.ActiveCfg = Release|Any CPU
		{2E06B767-6950-43F6-B10C-1CC5AE775E7B}.Release|Any CPU.Build.0 = Release|Any CPU
		{8689CEA4-0BEA-4551-BA0E-990A2FEEC2EE}.Debug|Any CPU.ActiveCfg = Debug|Any CPU
		{8689CEA4-0BEA-4551-BA0E-990A2FEEC2EE}.Debug|Any CPU.Build.0 = Debug|Any CPU
		{8689CEA4-0BEA-4551-BA0E-990A2FEEC2EE}.Release|Any CPU.ActiveCfg = Release|Any CPU
		{8689CEA4-0BEA-4551-BA0E-990A2FEEC2EE}.Release|Any CPU.Build.0 = Release|Any CPU
		{C4C3EFF0-1A06-4513-9BCF-C21050A053E9}.Debug|Any CPU.ActiveCfg = Debug|Any CPU
		{C4C3EFF0-1A06-4513-9BCF-C21050A053E9}.Debug|Any CPU.Build.0 = Debug|Any CPU
		{C4C3EFF0-1A06-4513-9BCF-C21050A053E9}.Release|Any CPU.ActiveCfg = Release|Any CPU
		{C4C3EFF0-1A06-4513-9BCF-C21050A053E9}.Release|Any CPU.Build.0 = Release|Any CPU
	EndGlobalSection
	GlobalSection(SolutionProperties) = preSolution
		HideSolutionNode = FALSE
	EndGlobalSection
	GlobalSection(ExtensibilityGlobals) = postSolution
		SolutionGuid = {10869F9B-FA6A-4E10-A491-EC690C845B84}
	EndGlobalSection
EndGlobal
