
Microsoft Visual Studio Solution File, Format Version 12.00
# Visual Studio Version 16
VisualStudioVersion = 16.0.31410.357
MinimumVisualStudioVersion = 10.0.40219.1
Project("{FAE04EC0-301F-11D3-BF4B-00C04F79EFBC}") = "MathOperations", "MathOperations\MathOperations.csproj", "{BDAC8687-1615-4937-BB90-6EC0258809E4}"
EndProject
Project("{FAE04EC0-301F-11D3-BF4B-00C04F79EFBC}") = "Animals", "Animals\Animals.csproj", "{0BC40A66-73ED-4DF8-8F5B-D1E59ED2EBE7}"
EndProject
Project("{FAE04EC0-301F-11D3-BF4B-00C04F79EFBC}") = "Shapes", "Shapes\Shapes.csproj", "{CD3F1995-6F78-4C95-B251-78502B3DB05E}"
EndProject
Global
	GlobalSection(SolutionConfigurationPlatforms) = preSolution
		Debug|Any CPU = Debug|Any CPU
		Release|Any CPU = Release|Any CPU
	EndGlobalSection
	GlobalSection(ProjectConfigurationPlatforms) = postSolution
		{BDAC8687-1615-4937-BB90-6EC0258809E4}.Debug|Any CPU.ActiveCfg = Debug|Any CPU
		{BDAC8687-1615-4937-BB90-6EC0258809E4}.Debug|Any CPU.Build.0 = Debug|Any CPU
		{BDAC8687-1615-4937-BB90-6EC0258809E4}.Release|Any CPU.ActiveCfg = Release|Any CPU
		{BDAC8687-1615-4937-BB90-6EC0258809E4}.Release|Any CPU.Build.0 = Release|Any CPU
		{0BC40A66-73ED-4DF8-8F5B-D1E59ED2EBE7}.Debug|Any CPU.ActiveCfg = Debug|Any CPU
		{0BC40A66-73ED-4DF8-8F5B-D1E59ED2EBE7}.Debug|Any CPU.Build.0 = Debug|Any CPU
		{0BC40A66-73ED-4DF8-8F5B-D1E59ED2EBE7}.Release|Any CPU.ActiveCfg = Release|Any CPU
		{0BC40A66-73ED-4DF8-8F5B-D1E59ED2EBE7}.Release|Any CPU.Build.0 = Release|Any CPU
		{CD3F1995-6F78-4C95-B251-78502B3DB05E}.Debug|Any CPU.ActiveCfg = Debug|Any CPU
		{CD3F1995-6F78-4C95-B251-78502B3DB05E}.Debug|Any CPU.Build.0 = Debug|Any CPU
		{CD3F1995-6F78-4C95-B251-78502B3DB05E}.Release|Any CPU.ActiveCfg = Release|Any CPU
		{CD3F1995-6F78-4C95-B251-78502B3DB05E}.Release|Any CPU.Build.0 = Release|Any CPU
	EndGlobalSection
	GlobalSection(SolutionProperties) = preSolution
		HideSolutionNode = FALSE
	EndGlobalSection
	GlobalSection(ExtensibilityGlobals) = postSolution
		SolutionGuid = {677D8F4C-D78D-4FDB-99FF-AB3B3613784C}
	EndGlobalSection
EndGlobal
