
Microsoft Visual Studio Solution File, Format Version 12.00
# Visual Studio Version 16
VisualStudioVersion = 16.0.31129.286
MinimumVisualStudioVersion = 10.0.40219.1
Project("{9A19103F-16F7-4668-BE54-9A1E7A4F7556}") = "RandomiseWords", "RandomiseWords\RandomiseWords.csproj", "{A0DA6FD9-A489-4600-83B0-2CD732EB350C}"
EndProject
Project("{9A19103F-16F7-4668-BE54-9A1E7A4F7556}") = "BigFactorial", "BigFactorial\BigFactorial.csproj", "{2B0146AF-7211-4965-8C4B-ED971F262E1B}"
EndProject
Project("{9A19103F-16F7-4668-BE54-9A1E7A4F7556}") = "Songs", "Songs\Songs.csproj", "{4CB7F6F0-97B7-4D89-9A41-C277C34DA896}"
EndProject
Project("{9A19103F-16F7-4668-BE54-9A1E7A4F7556}") = "Students", "Students\Students.csproj", "{DE1E2ADB-CA7E-44DB-BA38-C8E35585B1BD}"
EndProject
Project("{FAE04EC0-301F-11D3-BF4B-00C04F79EFBC}") = "StoreBoxes", "StoreBoxes\StoreBoxes.csproj", "{F5834A94-4208-448B-8EE7-B4B784158A05}"
EndProject
Project("{FAE04EC0-301F-11D3-BF4B-00C04F79EFBC}") = "VehicleCatalogue", "VehicleCategory\VehicleCatalogue.csproj", "{051959B0-99B4-4D39-B192-F8B6B2C1C93E}"
EndProject
Global
	GlobalSection(SolutionConfigurationPlatforms) = preSolution
		Debug|Any CPU = Debug|Any CPU
		Release|Any CPU = Release|Any CPU
	EndGlobalSection
	GlobalSection(ProjectConfigurationPlatforms) = postSolution
		{A0DA6FD9-A489-4600-83B0-2CD732EB350C}.Debug|Any CPU.ActiveCfg = Debug|Any CPU
		{A0DA6FD9-A489-4600-83B0-2CD732EB350C}.Debug|Any CPU.Build.0 = Debug|Any CPU
		{A0DA6FD9-A489-4600-83B0-2CD732EB350C}.Release|Any CPU.ActiveCfg = Release|Any CPU
		{A0DA6FD9-A489-4600-83B0-2CD732EB350C}.Release|Any CPU.Build.0 = Release|Any CPU
		{2B0146AF-7211-4965-8C4B-ED971F262E1B}.Debug|Any CPU.ActiveCfg = Debug|Any CPU
		{2B0146AF-7211-4965-8C4B-ED971F262E1B}.Debug|Any CPU.Build.0 = Debug|Any CPU
		{2B0146AF-7211-4965-8C4B-ED971F262E1B}.Release|Any CPU.ActiveCfg = Release|Any CPU
		{2B0146AF-7211-4965-8C4B-ED971F262E1B}.Release|Any CPU.Build.0 = Release|Any CPU
		{4CB7F6F0-97B7-4D89-9A41-C277C34DA896}.Debug|Any CPU.ActiveCfg = Debug|Any CPU
		{4CB7F6F0-97B7-4D89-9A41-C277C34DA896}.Debug|Any CPU.Build.0 = Debug|Any CPU
		{4CB7F6F0-97B7-4D89-9A41-C277C34DA896}.Release|Any CPU.ActiveCfg = Release|Any CPU
		{4CB7F6F0-97B7-4D89-9A41-C277C34DA896}.Release|Any CPU.Build.0 = Release|Any CPU
		{DE1E2ADB-CA7E-44DB-BA38-C8E35585B1BD}.Debug|Any CPU.ActiveCfg = Debug|Any CPU
		{DE1E2ADB-CA7E-44DB-BA38-C8E35585B1BD}.Debug|Any CPU.Build.0 = Debug|Any CPU
		{DE1E2ADB-CA7E-44DB-BA38-C8E35585B1BD}.Release|Any CPU.ActiveCfg = Release|Any CPU
		{DE1E2ADB-CA7E-44DB-BA38-C8E35585B1BD}.Release|Any CPU.Build.0 = Release|Any CPU
		{F5834A94-4208-448B-8EE7-B4B784158A05}.Debug|Any CPU.ActiveCfg = Debug|Any CPU
		{F5834A94-4208-448B-8EE7-B4B784158A05}.Debug|Any CPU.Build.0 = Debug|Any CPU
		{F5834A94-4208-448B-8EE7-B4B784158A05}.Release|Any CPU.ActiveCfg = Release|Any CPU
		{F5834A94-4208-448B-8EE7-B4B784158A05}.Release|Any CPU.Build.0 = Release|Any CPU
		{051959B0-99B4-4D39-B192-F8B6B2C1C93E}.Debug|Any CPU.ActiveCfg = Debug|Any CPU
		{051959B0-99B4-4D39-B192-F8B6B2C1C93E}.Debug|Any CPU.Build.0 = Debug|Any CPU
		{051959B0-99B4-4D39-B192-F8B6B2C1C93E}.Release|Any CPU.ActiveCfg = Release|Any CPU
		{051959B0-99B4-4D39-B192-F8B6B2C1C93E}.Release|Any CPU.Build.0 = Release|Any CPU
	EndGlobalSection
	GlobalSection(SolutionProperties) = preSolution
		HideSolutionNode = FALSE
	EndGlobalSection
	GlobalSection(ExtensibilityGlobals) = postSolution
		SolutionGuid = {5FE203A0-2610-437A-872F-6140D72534F8}
	EndGlobalSection
EndGlobal
