
Microsoft Visual Studio Solution File, Format Version 12.00
# Visual Studio Version 16
VisualStudioVersion = 16.0.31129.286
MinimumVisualStudioVersion = 10.0.40219.1
Project("{FAE04EC0-301F-11D3-BF4B-00C04F79EFBC}") = "StudentInfo", "StudentInfo\StudentInfo.csproj", "{4D77E991-F67E-4837-BCA0-328BADE18F97}"
EndProject
Project("{FAE04EC0-301F-11D3-BF4B-00C04F79EFBC}") = "Passed", "Passed\Passed.csproj", "{A59DF389-5133-45D0-82AE-7FF161B25836}"
EndProject
Project("{FAE04EC0-301F-11D3-BF4B-00C04F79EFBC}") = "PassedOrFailed", "PassedOrFailed\PassedOrFailed.csproj", "{107A98A9-2DBF-4CD6-8A28-93D5420C53E3}"
EndProject
Project("{FAE04EC0-301F-11D3-BF4B-00C04F79EFBC}") = "BackIn30Minutes", "BackIn30Minutes\BackIn30Minutes.csproj", "{2A3510D7-6AC0-4615-B818-DAE96DB3D153}"
EndProject
Project("{FAE04EC0-301F-11D3-BF4B-00C04F79EFBC}") = "MonthPrinter", "MonthPrinter\MonthPrinter.csproj", "{4C4FDA76-3B8F-4D91-9F3F-BCD8451E5748}"
EndProject
Project("{FAE04EC0-301F-11D3-BF4B-00C04F79EFBC}") = "ForegnLanguages", "ForegnLanguages\ForegnLanguages.csproj", "{98A30B9A-5EC6-4C4A-9C6F-FDCA1A300BAC}"
EndProject
Project("{FAE04EC0-301F-11D3-BF4B-00C04F79EFBC}") = "TheatrePromotion", "TheatrePromotion\TheatrePromotion.csproj", "{224E711C-2CF5-4511-9BB8-068F22F0626C}"
EndProject
Project("{FAE04EC0-301F-11D3-BF4B-00C04F79EFBC}") = "DivisibleBy3", "DivisibleBy3\DivisibleBy3.csproj", "{1714DA64-D000-4FA7-BD8F-6A454ACDE277}"
EndProject
Project("{FAE04EC0-301F-11D3-BF4B-00C04F79EFBC}") = "SumOddNumbers", "SumOddNumbers\SumOddNumbers.csproj", "{BE61DE21-0118-4FB5-96D4-2E735465EFCC}"
EndProject
Project("{FAE04EC0-301F-11D3-BF4B-00C04F79EFBC}") = "OddNumbersSum", "OddNumbersSum\OddNumbersSum.csproj", "{0705C657-D7E7-42F3-9391-969465DE8054}"
EndProject
Project("{FAE04EC0-301F-11D3-BF4B-00C04F79EFBC}") = "MultiplicationTable", "MultiplicationTable\MultiplicationTable.csproj", "{28C9CE39-9F51-47AC-A5DA-D60C0B2622DD}"
EndProject
Project("{FAE04EC0-301F-11D3-BF4B-00C04F79EFBC}") = "Multiplication2", "Multiplication2\Multiplication2.csproj", "{847A1066-14BB-4F95-AE30-CF02F3F100CC}"
EndProject
Project("{FAE04EC0-301F-11D3-BF4B-00C04F79EFBC}") = "EvenNumber", "EvenNumber\EvenNumber.csproj", "{2158A4FD-F006-49FB-B8EF-B7893C7A56A9}"
EndProject
Global
	GlobalSection(SolutionConfigurationPlatforms) = preSolution
		Debug|Any CPU = Debug|Any CPU
		Release|Any CPU = Release|Any CPU
	EndGlobalSection
	GlobalSection(ProjectConfigurationPlatforms) = postSolution
		{4D77E991-F67E-4837-BCA0-328BADE18F97}.Debug|Any CPU.ActiveCfg = Debug|Any CPU
		{4D77E991-F67E-4837-BCA0-328BADE18F97}.Debug|Any CPU.Build.0 = Debug|Any CPU
		{4D77E991-F67E-4837-BCA0-328BADE18F97}.Release|Any CPU.ActiveCfg = Release|Any CPU
		{4D77E991-F67E-4837-BCA0-328BADE18F97}.Release|Any CPU.Build.0 = Release|Any CPU
		{A59DF389-5133-45D0-82AE-7FF161B25836}.Debug|Any CPU.ActiveCfg = Debug|Any CPU
		{A59DF389-5133-45D0-82AE-7FF161B25836}.Debug|Any CPU.Build.0 = Debug|Any CPU
		{A59DF389-5133-45D0-82AE-7FF161B25836}.Release|Any CPU.ActiveCfg = Release|Any CPU
		{A59DF389-5133-45D0-82AE-7FF161B25836}.Release|Any CPU.Build.0 = Release|Any CPU
		{107A98A9-2DBF-4CD6-8A28-93D5420C53E3}.Debug|Any CPU.ActiveCfg = Debug|Any CPU
		{107A98A9-2DBF-4CD6-8A28-93D5420C53E3}.Debug|Any CPU.Build.0 = Debug|Any CPU
		{107A98A9-2DBF-4CD6-8A28-93D5420C53E3}.Release|Any CPU.ActiveCfg = Release|Any CPU
		{107A98A9-2DBF-4CD6-8A28-93D5420C53E3}.Release|Any CPU.Build.0 = Release|Any CPU
		{2A3510D7-6AC0-4615-B818-DAE96DB3D153}.Debug|Any CPU.ActiveCfg = Debug|Any CPU
		{2A3510D7-6AC0-4615-B818-DAE96DB3D153}.Debug|Any CPU.Build.0 = Debug|Any CPU
		{2A3510D7-6AC0-4615-B818-DAE96DB3D153}.Release|Any CPU.ActiveCfg = Release|Any CPU
		{2A3510D7-6AC0-4615-B818-DAE96DB3D153}.Release|Any CPU.Build.0 = Release|Any CPU
		{4C4FDA76-3B8F-4D91-9F3F-BCD8451E5748}.Debug|Any CPU.ActiveCfg = Debug|Any CPU
		{4C4FDA76-3B8F-4D91-9F3F-BCD8451E5748}.Debug|Any CPU.Build.0 = Debug|Any CPU
		{4C4FDA76-3B8F-4D91-9F3F-BCD8451E5748}.Release|Any CPU.ActiveCfg = Release|Any CPU
		{4C4FDA76-3B8F-4D91-9F3F-BCD8451E5748}.Release|Any CPU.Build.0 = Release|Any CPU
		{98A30B9A-5EC6-4C4A-9C6F-FDCA1A300BAC}.Debug|Any CPU.ActiveCfg = Debug|Any CPU
		{98A30B9A-5EC6-4C4A-9C6F-FDCA1A300BAC}.Debug|Any CPU.Build.0 = Debug|Any CPU
		{98A30B9A-5EC6-4C4A-9C6F-FDCA1A300BAC}.Release|Any CPU.ActiveCfg = Release|Any CPU
		{98A30B9A-5EC6-4C4A-9C6F-FDCA1A300BAC}.Release|Any CPU.Build.0 = Release|Any CPU
		{224E711C-2CF5-4511-9BB8-068F22F0626C}.Debug|Any CPU.ActiveCfg = Debug|Any CPU
		{224E711C-2CF5-4511-9BB8-068F22F0626C}.Debug|Any CPU.Build.0 = Debug|Any CPU
		{224E711C-2CF5-4511-9BB8-068F22F0626C}.Release|Any CPU.ActiveCfg = Release|Any CPU
		{224E711C-2CF5-4511-9BB8-068F22F0626C}.Release|Any CPU.Build.0 = Release|Any CPU
		{1714DA64-D000-4FA7-BD8F-6A454ACDE277}.Debug|Any CPU.ActiveCfg = Debug|Any CPU
		{1714DA64-D000-4FA7-BD8F-6A454ACDE277}.Debug|Any CPU.Build.0 = Debug|Any CPU
		{1714DA64-D000-4FA7-BD8F-6A454ACDE277}.Release|Any CPU.ActiveCfg = Release|Any CPU
		{1714DA64-D000-4FA7-BD8F-6A454ACDE277}.Release|Any CPU.Build.0 = Release|Any CPU
		{BE61DE21-0118-4FB5-96D4-2E735465EFCC}.Debug|Any CPU.ActiveCfg = Debug|Any CPU
		{BE61DE21-0118-4FB5-96D4-2E735465EFCC}.Debug|Any CPU.Build.0 = Debug|Any CPU
		{BE61DE21-0118-4FB5-96D4-2E735465EFCC}.Release|Any CPU.ActiveCfg = Release|Any CPU
		{BE61DE21-0118-4FB5-96D4-2E735465EFCC}.Release|Any CPU.Build.0 = Release|Any CPU
		{0705C657-D7E7-42F3-9391-969465DE8054}.Debug|Any CPU.ActiveCfg = Debug|Any CPU
		{0705C657-D7E7-42F3-9391-969465DE8054}.Debug|Any CPU.Build.0 = Debug|Any CPU
		{0705C657-D7E7-42F3-9391-969465DE8054}.Release|Any CPU.ActiveCfg = Release|Any CPU
		{0705C657-D7E7-42F3-9391-969465DE8054}.Release|Any CPU.Build.0 = Release|Any CPU
		{28C9CE39-9F51-47AC-A5DA-D60C0B2622DD}.Debug|Any CPU.ActiveCfg = Debug|Any CPU
		{28C9CE39-9F51-47AC-A5DA-D60C0B2622DD}.Debug|Any CPU.Build.0 = Debug|Any CPU
		{28C9CE39-9F51-47AC-A5DA-D60C0B2622DD}.Release|Any CPU.ActiveCfg = Release|Any CPU
		{28C9CE39-9F51-47AC-A5DA-D60C0B2622DD}.Release|Any CPU.Build.0 = Release|Any CPU
		{847A1066-14BB-4F95-AE30-CF02F3F100CC}.Debug|Any CPU.ActiveCfg = Debug|Any CPU
		{847A1066-14BB-4F95-AE30-CF02F3F100CC}.Debug|Any CPU.Build.0 = Debug|Any CPU
		{847A1066-14BB-4F95-AE30-CF02F3F100CC}.Release|Any CPU.ActiveCfg = Release|Any CPU
		{847A1066-14BB-4F95-AE30-CF02F3F100CC}.Release|Any CPU.Build.0 = Release|Any CPU
		{2158A4FD-F006-49FB-B8EF-B7893C7A56A9}.Debug|Any CPU.ActiveCfg = Debug|Any CPU
		{2158A4FD-F006-49FB-B8EF-B7893C7A56A9}.Debug|Any CPU.Build.0 = Debug|Any CPU
		{2158A4FD-F006-49FB-B8EF-B7893C7A56A9}.Release|Any CPU.ActiveCfg = Release|Any CPU
		{2158A4FD-F006-49FB-B8EF-B7893C7A56A9}.Release|Any CPU.Build.0 = Release|Any CPU
	EndGlobalSection
	GlobalSection(SolutionProperties) = preSolution
		HideSolutionNode = FALSE
	EndGlobalSection
	GlobalSection(ExtensibilityGlobals) = postSolution
		SolutionGuid = {42801BC1-BFCD-4B51-991F-9FDDF6C88130}
	EndGlobalSection
EndGlobal
