
Microsoft Visual Studio Solution File, Format Version 12.00
# Visual Studio Version 16
VisualStudioVersion = 16.0.31410.357
MinimumVisualStudioVersion = 10.0.40219.1
Project("{9A19103F-16F7-4668-BE54-9A1E7A4F7556}") = "Car", "Car\Car.csproj", "{28FF3674-E985-43FE-ACAD-603400530187}"
EndProject
Project("{9A19103F-16F7-4668-BE54-9A1E7A4F7556}") = "CarConstructors", "CarConstructors\CarConstructors.csproj", "{1B6A9DEF-1F23-44B7-B578-D8ACBB1D056C}"
EndProject
Project("{9A19103F-16F7-4668-BE54-9A1E7A4F7556}") = "CarEngineAndTires", "CarEngineAndTires\CarEngineAndTires.csproj", "{BD476F86-9688-482A-9887-6B6D711F69C1}"
EndProject
Project("{9A19103F-16F7-4668-BE54-9A1E7A4F7556}") = "CarExtention", "CarExtention\CarExtention.csproj", "{F30C5872-8924-4DCB-AFC1-E8BC5F15D0DB}"
EndProject
Project("{9A19103F-16F7-4668-BE54-9A1E7A4F7556}") = "SpecialCars", "SpecialCars\SpecialCars.csproj", "{6C32C05C-D8DC-4C47-86F2-D5BF30B6BF3C}"
EndProject
Global
	GlobalSection(SolutionConfigurationPlatforms) = preSolution
		Debug|Any CPU = Debug|Any CPU
		Release|Any CPU = Release|Any CPU
	EndGlobalSection
	GlobalSection(ProjectConfigurationPlatforms) = postSolution
		{28FF3674-E985-43FE-ACAD-603400530187}.Debug|Any CPU.ActiveCfg = Debug|Any CPU
		{28FF3674-E985-43FE-ACAD-603400530187}.Debug|Any CPU.Build.0 = Debug|Any CPU
		{28FF3674-E985-43FE-ACAD-603400530187}.Release|Any CPU.ActiveCfg = Release|Any CPU
		{28FF3674-E985-43FE-ACAD-603400530187}.Release|Any CPU.Build.0 = Release|Any CPU
		{1B6A9DEF-1F23-44B7-B578-D8ACBB1D056C}.Debug|Any CPU.ActiveCfg = Debug|Any CPU
		{1B6A9DEF-1F23-44B7-B578-D8ACBB1D056C}.Debug|Any CPU.Build.0 = Debug|Any CPU
		{1B6A9DEF-1F23-44B7-B578-D8ACBB1D056C}.Release|Any CPU.ActiveCfg = Release|Any CPU
		{1B6A9DEF-1F23-44B7-B578-D8ACBB1D056C}.Release|Any CPU.Build.0 = Release|Any CPU
		{BD476F86-9688-482A-9887-6B6D711F69C1}.Debug|Any CPU.ActiveCfg = Debug|Any CPU
		{BD476F86-9688-482A-9887-6B6D711F69C1}.Debug|Any CPU.Build.0 = Debug|Any CPU
		{BD476F86-9688-482A-9887-6B6D711F69C1}.Release|Any CPU.ActiveCfg = Release|Any CPU
		{BD476F86-9688-482A-9887-6B6D711F69C1}.Release|Any CPU.Build.0 = Release|Any CPU
		{F30C5872-8924-4DCB-AFC1-E8BC5F15D0DB}.Debug|Any CPU.ActiveCfg = Debug|Any CPU
		{F30C5872-8924-4DCB-AFC1-E8BC5F15D0DB}.Debug|Any CPU.Build.0 = Debug|Any CPU
		{F30C5872-8924-4DCB-AFC1-E8BC5F15D0DB}.Release|Any CPU.ActiveCfg = Release|Any CPU
		{F30C5872-8924-4DCB-AFC1-E8BC5F15D0DB}.Release|Any CPU.Build.0 = Release|Any CPU
		{6C32C05C-D8DC-4C47-86F2-D5BF30B6BF3C}.Debug|Any CPU.ActiveCfg = Debug|Any CPU
		{6C32C05C-D8DC-4C47-86F2-D5BF30B6BF3C}.Debug|Any CPU.Build.0 = Debug|Any CPU
		{6C32C05C-D8DC-4C47-86F2-D5BF30B6BF3C}.Release|Any CPU.ActiveCfg = Release|Any CPU
		{6C32C05C-D8DC-4C47-86F2-D5BF30B6BF3C}.Release|Any CPU.Build.0 = Release|Any CPU
	EndGlobalSection
	GlobalSection(SolutionProperties) = preSolution
		HideSolutionNode = FALSE
	EndGlobalSection
	GlobalSection(ExtensibilityGlobals) = postSolution
		SolutionGuid = {1B2F7C7E-A128-4B44-900D-C9F7A0BB4483}
	EndGlobalSection
EndGlobal
