
Microsoft Visual Studio Solution File, Format Version 12.00
# Visual Studio Version 16
VisualStudioVersion = 16.0.31410.357
MinimumVisualStudioVersion = 10.0.40219.1
Project("{FAE04EC0-301F-11D3-BF4B-00C04F79EFBC}") = "MatchFullName", "MatchFullName\MatchFullName.csproj", "{B65AF46E-8F17-488E-8402-1884F0589B1D}"
EndProject
Project("{FAE04EC0-301F-11D3-BF4B-00C04F79EFBC}") = "MatchPhoneNumber", "MatchPhoneNumber\MatchPhoneNumber.csproj", "{6C71F892-BCD6-487E-86A1-305343802FF7}"
EndProject
Project("{FAE04EC0-301F-11D3-BF4B-00C04F79EFBC}") = "MatchDates", "MatchDates\MatchDates.csproj", "{08ABE90C-4689-446A-ABA5-43CD75C726B9}"
EndProject
Global
	GlobalSection(SolutionConfigurationPlatforms) = preSolution
		Debug|Any CPU = Debug|Any CPU
		Release|Any CPU = Release|Any CPU
	EndGlobalSection
	GlobalSection(ProjectConfigurationPlatforms) = postSolution
		{B65AF46E-8F17-488E-8402-1884F0589B1D}.Debug|Any CPU.ActiveCfg = Debug|Any CPU
		{B65AF46E-8F17-488E-8402-1884F0589B1D}.Debug|Any CPU.Build.0 = Debug|Any CPU
		{B65AF46E-8F17-488E-8402-1884F0589B1D}.Release|Any CPU.ActiveCfg = Release|Any CPU
		{B65AF46E-8F17-488E-8402-1884F0589B1D}.Release|Any CPU.Build.0 = Release|Any CPU
		{6C71F892-BCD6-487E-86A1-305343802FF7}.Debug|Any CPU.ActiveCfg = Debug|Any CPU
		{6C71F892-BCD6-487E-86A1-305343802FF7}.Debug|Any CPU.Build.0 = Debug|Any CPU
		{6C71F892-BCD6-487E-86A1-305343802FF7}.Release|Any CPU.ActiveCfg = Release|Any CPU
		{6C71F892-BCD6-487E-86A1-305343802FF7}.Release|Any CPU.Build.0 = Release|Any CPU
		{08ABE90C-4689-446A-ABA5-43CD75C726B9}.Debug|Any CPU.ActiveCfg = Debug|Any CPU
		{08ABE90C-4689-446A-ABA5-43CD75C726B9}.Debug|Any CPU.Build.0 = Debug|Any CPU
		{08ABE90C-4689-446A-ABA5-43CD75C726B9}.Release|Any CPU.ActiveCfg = Release|Any CPU
		{08ABE90C-4689-446A-ABA5-43CD75C726B9}.Release|Any CPU.Build.0 = Release|Any CPU
	EndGlobalSection
	GlobalSection(SolutionProperties) = preSolution
		HideSolutionNode = FALSE
	EndGlobalSection
	GlobalSection(ExtensibilityGlobals) = postSolution
		SolutionGuid = {F6262BC2-A9CF-4678-AEAF-12CBDC1FA42F}
	EndGlobalSection
EndGlobal
