
Microsoft Visual Studio Solution File, Format Version 12.00
# Visual Studio Version 16
VisualStudioVersion = 16.0.31410.357
MinimumVisualStudioVersion = 10.0.40219.1
Project("{9A19103F-16F7-4668-BE54-9A1E7A4F7556}") = "Furniture", "Furniture\Furniture.csproj", "{200ACA3D-4559-490C-96AC-D5FBF83690E6}"
EndProject
Project("{9A19103F-16F7-4668-BE54-9A1E7A4F7556}") = "Race", "Race\Race.csproj", "{065E8AD7-6550-43E0-BB4A-994DE0DBD1D9}"
EndProject
Project("{9A19103F-16F7-4668-BE54-9A1E7A4F7556}") = "SoftUniBarIncome", "SoftUniBarIncome\SoftUniBarIncome.csproj", "{9780FB15-13C2-4447-92FE-2341C416700C}"
EndProject
Project("{9A19103F-16F7-4668-BE54-9A1E7A4F7556}") = "StarEnigma", "StarEnigma\StarEnigma.csproj", "{3C405BE6-99E6-4180-954B-538857589A82}"
EndProject
Project("{FAE04EC0-301F-11D3-BF4B-00C04F79EFBC}") = "NetherRealms", "NetherRealms\NetherRealms.csproj", "{F41460CD-5369-4656-B70A-87304003348B}"
EndProject
Project("{FAE04EC0-301F-11D3-BF4B-00C04F79EFBC}") = "ExtractEmails", "ExtractEmails\ExtractEmails.csproj", "{1BD341FB-E7A0-4FE4-9A4C-9882A160D005}"
EndProject
Global
	GlobalSection(SolutionConfigurationPlatforms) = preSolution
		Debug|Any CPU = Debug|Any CPU
		Release|Any CPU = Release|Any CPU
	EndGlobalSection
	GlobalSection(ProjectConfigurationPlatforms) = postSolution
		{200ACA3D-4559-490C-96AC-D5FBF83690E6}.Debug|Any CPU.ActiveCfg = Debug|Any CPU
		{200ACA3D-4559-490C-96AC-D5FBF83690E6}.Debug|Any CPU.Build.0 = Debug|Any CPU
		{200ACA3D-4559-490C-96AC-D5FBF83690E6}.Release|Any CPU.ActiveCfg = Release|Any CPU
		{200ACA3D-4559-490C-96AC-D5FBF83690E6}.Release|Any CPU.Build.0 = Release|Any CPU
		{065E8AD7-6550-43E0-BB4A-994DE0DBD1D9}.Debug|Any CPU.ActiveCfg = Debug|Any CPU
		{065E8AD7-6550-43E0-BB4A-994DE0DBD1D9}.Debug|Any CPU.Build.0 = Debug|Any CPU
		{065E8AD7-6550-43E0-BB4A-994DE0DBD1D9}.Release|Any CPU.ActiveCfg = Release|Any CPU
		{065E8AD7-6550-43E0-BB4A-994DE0DBD1D9}.Release|Any CPU.Build.0 = Release|Any CPU
		{9780FB15-13C2-4447-92FE-2341C416700C}.Debug|Any CPU.ActiveCfg = Debug|Any CPU
		{9780FB15-13C2-4447-92FE-2341C416700C}.Debug|Any CPU.Build.0 = Debug|Any CPU
		{9780FB15-13C2-4447-92FE-2341C416700C}.Release|Any CPU.ActiveCfg = Release|Any CPU
		{9780FB15-13C2-4447-92FE-2341C416700C}.Release|Any CPU.Build.0 = Release|Any CPU
		{3C405BE6-99E6-4180-954B-538857589A82}.Debug|Any CPU.ActiveCfg = Debug|Any CPU
		{3C405BE6-99E6-4180-954B-538857589A82}.Debug|Any CPU.Build.0 = Debug|Any CPU
		{3C405BE6-99E6-4180-954B-538857589A82}.Release|Any CPU.ActiveCfg = Release|Any CPU
		{3C405BE6-99E6-4180-954B-538857589A82}.Release|Any CPU.Build.0 = Release|Any CPU
		{F41460CD-5369-4656-B70A-87304003348B}.Debug|Any CPU.ActiveCfg = Debug|Any CPU
		{F41460CD-5369-4656-B70A-87304003348B}.Debug|Any CPU.Build.0 = Debug|Any CPU
		{F41460CD-5369-4656-B70A-87304003348B}.Release|Any CPU.ActiveCfg = Release|Any CPU
		{F41460CD-5369-4656-B70A-87304003348B}.Release|Any CPU.Build.0 = Release|Any CPU
		{1BD341FB-E7A0-4FE4-9A4C-9882A160D005}.Debug|Any CPU.ActiveCfg = Debug|Any CPU
		{1BD341FB-E7A0-4FE4-9A4C-9882A160D005}.Debug|Any CPU.Build.0 = Debug|Any CPU
		{1BD341FB-E7A0-4FE4-9A4C-9882A160D005}.Release|Any CPU.ActiveCfg = Release|Any CPU
		{1BD341FB-E7A0-4FE4-9A4C-9882A160D005}.Release|Any CPU.Build.0 = Release|Any CPU
	EndGlobalSection
	GlobalSection(SolutionProperties) = preSolution
		HideSolutionNode = FALSE
	EndGlobalSection
	GlobalSection(ExtensibilityGlobals) = postSolution
		SolutionGuid = {51582041-DFA2-4429-848C-F44664A7C108}
	EndGlobalSection
EndGlobal
