
Microsoft Visual Studio Solution File, Format Version 12.00
# Visual Studio Version 16
VisualStudioVersion = 16.0.31129.286
MinimumVisualStudioVersion = 10.0.40219.1
Project("{FAE04EC0-301F-11D3-BF4B-00C04F79EFBC}") = "CountRealNumbers", "CountRealNumbers\CountRealNumbers.csproj", "{5800A15D-3CE9-4F22-ADBC-0A8DAE210209}"
EndProject
Project("{FAE04EC0-301F-11D3-BF4B-00C04F79EFBC}") = "OddOccurences", "OddOccurences\OddOccurences.csproj", "{3F91B554-2F8D-43C3-AF52-B939D2E4C6BD}"
EndProject
Project("{FAE04EC0-301F-11D3-BF4B-00C04F79EFBC}") = "WordSynonyms", "WordSynonyms\WordSynonyms.csproj", "{5F8745DB-376A-4E0D-A2B3-E08B95C29E40}"
EndProject
Project("{FAE04EC0-301F-11D3-BF4B-00C04F79EFBC}") = "LargestThreeNumbers", "LargestThreeNumbers\LargestThreeNumbers.csproj", "{AB6C8C9F-52E6-4266-88DE-0E9B39F67FD4}"
EndProject
Project("{FAE04EC0-301F-11D3-BF4B-00C04F79EFBC}") = "WordsFilter", "WordsFilter\WordsFilter.csproj", "{CAE216A6-DE9C-4988-97C8-96A99146E232}"
EndProject
Global
	GlobalSection(SolutionConfigurationPlatforms) = preSolution
		Debug|Any CPU = Debug|Any CPU
		Release|Any CPU = Release|Any CPU
	EndGlobalSection
	GlobalSection(ProjectConfigurationPlatforms) = postSolution
		{5800A15D-3CE9-4F22-ADBC-0A8DAE210209}.Debug|Any CPU.ActiveCfg = Debug|Any CPU
		{5800A15D-3CE9-4F22-ADBC-0A8DAE210209}.Debug|Any CPU.Build.0 = Debug|Any CPU
		{5800A15D-3CE9-4F22-ADBC-0A8DAE210209}.Release|Any CPU.ActiveCfg = Release|Any CPU
		{5800A15D-3CE9-4F22-ADBC-0A8DAE210209}.Release|Any CPU.Build.0 = Release|Any CPU
		{3F91B554-2F8D-43C3-AF52-B939D2E4C6BD}.Debug|Any CPU.ActiveCfg = Debug|Any CPU
		{3F91B554-2F8D-43C3-AF52-B939D2E4C6BD}.Debug|Any CPU.Build.0 = Debug|Any CPU
		{3F91B554-2F8D-43C3-AF52-B939D2E4C6BD}.Release|Any CPU.ActiveCfg = Release|Any CPU
		{3F91B554-2F8D-43C3-AF52-B939D2E4C6BD}.Release|Any CPU.Build.0 = Release|Any CPU
		{5F8745DB-376A-4E0D-A2B3-E08B95C29E40}.Debug|Any CPU.ActiveCfg = Debug|Any CPU
		{5F8745DB-376A-4E0D-A2B3-E08B95C29E40}.Debug|Any CPU.Build.0 = Debug|Any CPU
		{5F8745DB-376A-4E0D-A2B3-E08B95C29E40}.Release|Any CPU.ActiveCfg = Release|Any CPU
		{5F8745DB-376A-4E0D-A2B3-E08B95C29E40}.Release|Any CPU.Build.0 = Release|Any CPU
		{AB6C8C9F-52E6-4266-88DE-0E9B39F67FD4}.Debug|Any CPU.ActiveCfg = Debug|Any CPU
		{AB6C8C9F-52E6-4266-88DE-0E9B39F67FD4}.Debug|Any CPU.Build.0 = Debug|Any CPU
		{AB6C8C9F-52E6-4266-88DE-0E9B39F67FD4}.Release|Any CPU.ActiveCfg = Release|Any CPU
		{AB6C8C9F-52E6-4266-88DE-0E9B39F67FD4}.Release|Any CPU.Build.0 = Release|Any CPU
		{CAE216A6-DE9C-4988-97C8-96A99146E232}.Debug|Any CPU.ActiveCfg = Debug|Any CPU
		{CAE216A6-DE9C-4988-97C8-96A99146E232}.Debug|Any CPU.Build.0 = Debug|Any CPU
		{CAE216A6-DE9C-4988-97C8-96A99146E232}.Release|Any CPU.ActiveCfg = Release|Any CPU
		{CAE216A6-DE9C-4988-97C8-96A99146E232}.Release|Any CPU.Build.0 = Release|Any CPU
	EndGlobalSection
	GlobalSection(SolutionProperties) = preSolution
		HideSolutionNode = FALSE
	EndGlobalSection
	GlobalSection(ExtensibilityGlobals) = postSolution
		SolutionGuid = {71CF6C1E-2AF5-4D20-B66A-D8D8BA9F6F0B}
	EndGlobalSection
EndGlobal
