
Microsoft Visual Studio Solution File, Format Version 12.00
# Visual Studio Version 16
VisualStudioVersion = 16.0.31410.357
MinimumVisualStudioVersion = 10.0.40219.1
Project("{9A19103F-16F7-4668-BE54-9A1E7A4F7556}") = "DiagonalDifference", "DiagonalDifference\DiagonalDifference.csproj", "{8DCA9442-8C50-4C6D-A6E9-5A8EFEAB3E2E}"
EndProject
Project("{9A19103F-16F7-4668-BE54-9A1E7A4F7556}") = "SquaresInMatrix", "SquaresInMatrix\SquaresInMatrix.csproj", "{A56B0236-4F62-45A0-8F7B-EB2E8A416E1E}"
EndProject
Project("{9A19103F-16F7-4668-BE54-9A1E7A4F7556}") = "MaximalSum", "MaximalSum\MaximalSum.csproj", "{0C8746F4-D6E3-4BEE-B0F5-A9513EA8C103}"
EndProject
Project("{9A19103F-16F7-4668-BE54-9A1E7A4F7556}") = "MatrixShuffling", "MatrixShuffling\MatrixShuffling.csproj", "{6D237F3E-1CB1-4707-9A87-6CE52CADE185}"
EndProject
Project("{9A19103F-16F7-4668-BE54-9A1E7A4F7556}") = "SnakeMoves", "SnakeMoves\SnakeMoves.csproj", "{B8BEBB2A-01AB-4738-A538-C9066493FBB4}"
EndProject
Project("{9A19103F-16F7-4668-BE54-9A1E7A4F7556}") = "JaggedArrayManipulator", "JaggedArrayManipulator\JaggedArrayManipulator.csproj", "{E38B2A2F-BE5F-4416-B0E7-1A1E020338C1}"
EndProject
Project("{9A19103F-16F7-4668-BE54-9A1E7A4F7556}") = "KnightGame", "KnightGame\KnightGame.csproj", "{E34F25D4-B667-4B2B-AB79-02DFEC5CF936}"
EndProject
Project("{9A19103F-16F7-4668-BE54-9A1E7A4F7556}") = "Bombs", "Bombs\Bombs.csproj", "{4F263258-8AF3-4384-AED5-3C54FCA8D77D}"
EndProject
Project("{FAE04EC0-301F-11D3-BF4B-00C04F79EFBC}") = "Miner", "Miner\Miner.csproj", "{E8C84E31-7834-49E0-AC16-E2268DDA331F}"
EndProject
Project("{FAE04EC0-301F-11D3-BF4B-00C04F79EFBC}") = "RadioactiveMutantVampireBunnies", "RadioactiveMutantVampireBunnies\RadioactiveMutantVampireBunnies.csproj", "{81C985DF-CEC3-4CEB-B459-734AB676AF18}"
EndProject
Global
	GlobalSection(SolutionConfigurationPlatforms) = preSolution
		Debug|Any CPU = Debug|Any CPU
		Release|Any CPU = Release|Any CPU
	EndGlobalSection
	GlobalSection(ProjectConfigurationPlatforms) = postSolution
		{8DCA9442-8C50-4C6D-A6E9-5A8EFEAB3E2E}.Debug|Any CPU.ActiveCfg = Debug|Any CPU
		{8DCA9442-8C50-4C6D-A6E9-5A8EFEAB3E2E}.Debug|Any CPU.Build.0 = Debug|Any CPU
		{8DCA9442-8C50-4C6D-A6E9-5A8EFEAB3E2E}.Release|Any CPU.ActiveCfg = Release|Any CPU
		{8DCA9442-8C50-4C6D-A6E9-5A8EFEAB3E2E}.Release|Any CPU.Build.0 = Release|Any CPU
		{A56B0236-4F62-45A0-8F7B-EB2E8A416E1E}.Debug|Any CPU.ActiveCfg = Debug|Any CPU
		{A56B0236-4F62-45A0-8F7B-EB2E8A416E1E}.Debug|Any CPU.Build.0 = Debug|Any CPU
		{A56B0236-4F62-45A0-8F7B-EB2E8A416E1E}.Release|Any CPU.ActiveCfg = Release|Any CPU
		{A56B0236-4F62-45A0-8F7B-EB2E8A416E1E}.Release|Any CPU.Build.0 = Release|Any CPU
		{0C8746F4-D6E3-4BEE-B0F5-A9513EA8C103}.Debug|Any CPU.ActiveCfg = Debug|Any CPU
		{0C8746F4-D6E3-4BEE-B0F5-A9513EA8C103}.Debug|Any CPU.Build.0 = Debug|Any CPU
		{0C8746F4-D6E3-4BEE-B0F5-A9513EA8C103}.Release|Any CPU.ActiveCfg = Release|Any CPU
		{0C8746F4-D6E3-4BEE-B0F5-A9513EA8C103}.Release|Any CPU.Build.0 = Release|Any CPU
		{6D237F3E-1CB1-4707-9A87-6CE52CADE185}.Debug|Any CPU.ActiveCfg = Debug|Any CPU
		{6D237F3E-1CB1-4707-9A87-6CE52CADE185}.Debug|Any CPU.Build.0 = Debug|Any CPU
		{6D237F3E-1CB1-4707-9A87-6CE52CADE185}.Release|Any CPU.ActiveCfg = Release|Any CPU
		{6D237F3E-1CB1-4707-9A87-6CE52CADE185}.Release|Any CPU.Build.0 = Release|Any CPU
		{B8BEBB2A-01AB-4738-A538-C9066493FBB4}.Debug|Any CPU.ActiveCfg = Debug|Any CPU
		{B8BEBB2A-01AB-4738-A538-C9066493FBB4}.Debug|Any CPU.Build.0 = Debug|Any CPU
		{B8BEBB2A-01AB-4738-A538-C9066493FBB4}.Release|Any CPU.ActiveCfg = Release|Any CPU
		{B8BEBB2A-01AB-4738-A538-C9066493FBB4}.Release|Any CPU.Build.0 = Release|Any CPU
		{E38B2A2F-BE5F-4416-B0E7-1A1E020338C1}.Debug|Any CPU.ActiveCfg = Debug|Any CPU
		{E38B2A2F-BE5F-4416-B0E7-1A1E020338C1}.Debug|Any CPU.Build.0 = Debug|Any CPU
		{E38B2A2F-BE5F-4416-B0E7-1A1E020338C1}.Release|Any CPU.ActiveCfg = Release|Any CPU
		{E38B2A2F-BE5F-4416-B0E7-1A1E020338C1}.Release|Any CPU.Build.0 = Release|Any CPU
		{E34F25D4-B667-4B2B-AB79-02DFEC5CF936}.Debug|Any CPU.ActiveCfg = Debug|Any CPU
		{E34F25D4-B667-4B2B-AB79-02DFEC5CF936}.Debug|Any CPU.Build.0 = Debug|Any CPU
		{E34F25D4-B667-4B2B-AB79-02DFEC5CF936}.Release|Any CPU.ActiveCfg = Release|Any CPU
		{E34F25D4-B667-4B2B-AB79-02DFEC5CF936}.Release|Any CPU.Build.0 = Release|Any CPU
		{4F263258-8AF3-4384-AED5-3C54FCA8D77D}.Debug|Any CPU.ActiveCfg = Debug|Any CPU
		{4F263258-8AF3-4384-AED5-3C54FCA8D77D}.Debug|Any CPU.Build.0 = Debug|Any CPU
		{4F263258-8AF3-4384-AED5-3C54FCA8D77D}.Release|Any CPU.ActiveCfg = Release|Any CPU
		{4F263258-8AF3-4384-AED5-3C54FCA8D77D}.Release|Any CPU.Build.0 = Release|Any CPU
		{E8C84E31-7834-49E0-AC16-E2268DDA331F}.Debug|Any CPU.ActiveCfg = Debug|Any CPU
		{E8C84E31-7834-49E0-AC16-E2268DDA331F}.Debug|Any CPU.Build.0 = Debug|Any CPU
		{E8C84E31-7834-49E0-AC16-E2268DDA331F}.Release|Any CPU.ActiveCfg = Release|Any CPU
		{E8C84E31-7834-49E0-AC16-E2268DDA331F}.Release|Any CPU.Build.0 = Release|Any CPU
		{81C985DF-CEC3-4CEB-B459-734AB676AF18}.Debug|Any CPU.ActiveCfg = Debug|Any CPU
		{81C985DF-CEC3-4CEB-B459-734AB676AF18}.Debug|Any CPU.Build.0 = Debug|Any CPU
		{81C985DF-CEC3-4CEB-B459-734AB676AF18}.Release|Any CPU.ActiveCfg = Release|Any CPU
		{81C985DF-CEC3-4CEB-B459-734AB676AF18}.Release|Any CPU.Build.0 = Release|Any CPU
	EndGlobalSection
	GlobalSection(SolutionProperties) = preSolution
		HideSolutionNode = FALSE
	EndGlobalSection
	GlobalSection(ExtensibilityGlobals) = postSolution
		SolutionGuid = {891F32A7-60A4-4684-8375-E92AE45D1237}
	EndGlobalSection
EndGlobal
