
Microsoft Visual Studio Solution File, Format Version 12.00
# Visual Studio Version 16
VisualStudioVersion = 16.0.31410.357
MinimumVisualStudioVersion = 10.0.40219.1
Project("{9A19103F-16F7-4668-BE54-9A1E7A4F7556}") = "OddLines", "OddLines\OddLines.csproj", "{C0834F9D-4145-4636-BC91-0BEB18FB7F58}"
EndProject
Project("{9A19103F-16F7-4668-BE54-9A1E7A4F7556}") = "LineNumbers", "LineNumbers\LineNumbers.csproj", "{E1BAA67E-3863-4740-9781-E4B91BB5E250}"
EndProject
Project("{9A19103F-16F7-4668-BE54-9A1E7A4F7556}") = "WordCount", "WordCount\WordCount.csproj", "{EA5BF9DB-97DE-4AE7-8FF1-0F87ABC8F517}"
EndProject
Project("{FAE04EC0-301F-11D3-BF4B-00C04F79EFBC}") = "MergeFiles", "MergeFiles\MergeFiles.csproj", "{2BAD68DC-C04B-486F-87E7-B6EB0C7E3246}"
EndProject
Project("{FAE04EC0-301F-11D3-BF4B-00C04F79EFBC}") = "SliceAFile", "SliceAFile\SliceAFile.csproj", "{E94FF01A-5AEA-464E-B472-CE7E0ACE3D86}"
EndProject
Project("{FAE04EC0-301F-11D3-BF4B-00C04F79EFBC}") = "FolderSize", "FolderSize\FolderSize.csproj", "{7C2F9C46-163B-44B3-B58C-6600A16BDC70}"
EndProject
Global
	GlobalSection(SolutionConfigurationPlatforms) = preSolution
		Debug|Any CPU = Debug|Any CPU
		Release|Any CPU = Release|Any CPU
	EndGlobalSection
	GlobalSection(ProjectConfigurationPlatforms) = postSolution
		{C0834F9D-4145-4636-BC91-0BEB18FB7F58}.Debug|Any CPU.ActiveCfg = Debug|Any CPU
		{C0834F9D-4145-4636-BC91-0BEB18FB7F58}.Debug|Any CPU.Build.0 = Debug|Any CPU
		{C0834F9D-4145-4636-BC91-0BEB18FB7F58}.Release|Any CPU.ActiveCfg = Release|Any CPU
		{C0834F9D-4145-4636-BC91-0BEB18FB7F58}.Release|Any CPU.Build.0 = Release|Any CPU
		{E1BAA67E-3863-4740-9781-E4B91BB5E250}.Debug|Any CPU.ActiveCfg = Debug|Any CPU
		{E1BAA67E-3863-4740-9781-E4B91BB5E250}.Debug|Any CPU.Build.0 = Debug|Any CPU
		{E1BAA67E-3863-4740-9781-E4B91BB5E250}.Release|Any CPU.ActiveCfg = Release|Any CPU
		{E1BAA67E-3863-4740-9781-E4B91BB5E250}.Release|Any CPU.Build.0 = Release|Any CPU
		{EA5BF9DB-97DE-4AE7-8FF1-0F87ABC8F517}.Debug|Any CPU.ActiveCfg = Debug|Any CPU
		{EA5BF9DB-97DE-4AE7-8FF1-0F87ABC8F517}.Debug|Any CPU.Build.0 = Debug|Any CPU
		{EA5BF9DB-97DE-4AE7-8FF1-0F87ABC8F517}.Release|Any CPU.ActiveCfg = Release|Any CPU
		{EA5BF9DB-97DE-4AE7-8FF1-0F87ABC8F517}.Release|Any CPU.Build.0 = Release|Any CPU
		{2BAD68DC-C04B-486F-87E7-B6EB0C7E3246}.Debug|Any CPU.ActiveCfg = Debug|Any CPU
		{2BAD68DC-C04B-486F-87E7-B6EB0C7E3246}.Debug|Any CPU.Build.0 = Debug|Any CPU
		{2BAD68DC-C04B-486F-87E7-B6EB0C7E3246}.Release|Any CPU.ActiveCfg = Release|Any CPU
		{2BAD68DC-C04B-486F-87E7-B6EB0C7E3246}.Release|Any CPU.Build.0 = Release|Any CPU
		{E94FF01A-5AEA-464E-B472-CE7E0ACE3D86}.Debug|Any CPU.ActiveCfg = Debug|Any CPU
		{E94FF01A-5AEA-464E-B472-CE7E0ACE3D86}.Debug|Any CPU.Build.0 = Debug|Any CPU
		{E94FF01A-5AEA-464E-B472-CE7E0ACE3D86}.Release|Any CPU.ActiveCfg = Release|Any CPU
		{E94FF01A-5AEA-464E-B472-CE7E0ACE3D86}.Release|Any CPU.Build.0 = Release|Any CPU
		{7C2F9C46-163B-44B3-B58C-6600A16BDC70}.Debug|Any CPU.ActiveCfg = Debug|Any CPU
		{7C2F9C46-163B-44B3-B58C-6600A16BDC70}.Debug|Any CPU.Build.0 = Debug|Any CPU
		{7C2F9C46-163B-44B3-B58C-6600A16BDC70}.Release|Any CPU.ActiveCfg = Release|Any CPU
		{7C2F9C46-163B-44B3-B58C-6600A16BDC70}.Release|Any CPU.Build.0 = Release|Any CPU
	EndGlobalSection
	GlobalSection(SolutionProperties) = preSolution
		HideSolutionNode = FALSE
	EndGlobalSection
	GlobalSection(ExtensibilityGlobals) = postSolution
		SolutionGuid = {028CC8F0-CD88-4C55-9044-459C200B5D8D}
	EndGlobalSection
EndGlobal
