
Microsoft Visual Studio Solution File, Format Version 12.00
# Visual Studio Version 16
VisualStudioVersion = 16.0.29728.190
MinimumVisualStudioVersion = 10.0.40219.1
Project("{FAE04EC0-301F-11D3-BF4B-00C04F79EFBC}") = "Collection-of-Persons", "Collection-of-Persons\Collection-of-Persons.csproj", "{03992C22-4630-4486-AC9E-F6AE5E14A30F}"
EndProject
Project("{FAE04EC0-301F-11D3-BF4B-00C04F79EFBC}") = "Collection-of-Persons.Tests", "Collection-of-Persons.Tests\Collection-of-Persons.Tests.csproj", "{43C465CF-D36A-4FDE-A64D-B634940302B6}"
EndProject
Global
	GlobalSection(SolutionConfigurationPlatforms) = preSolution
		Debug|Any CPU = Debug|Any CPU
		Release|Any CPU = Release|Any CPU
	EndGlobalSection
	GlobalSection(ProjectConfigurationPlatforms) = postSolution
		{03992C22-4630-4486-AC9E-F6AE5E14A30F}.Debug|Any CPU.ActiveCfg = Debug|Any CPU
		{03992C22-4630-4486-AC9E-F6AE5E14A30F}.Debug|Any CPU.Build.0 = Debug|Any CPU
		{03992C22-4630-4486-AC9E-F6AE5E14A30F}.Release|Any CPU.ActiveCfg = Release|Any CPU
		{03992C22-4630-4486-AC9E-F6AE5E14A30F}.Release|Any CPU.Build.0 = Release|Any CPU
		{43C465CF-D36A-4FDE-A64D-B634940302B6}.Debug|Any CPU.ActiveCfg = Debug|Any CPU
		{43C465CF-D36A-4FDE-A64D-B634940302B6}.Debug|Any CPU.Build.0 = Debug|Any CPU
		{43C465CF-D36A-4FDE-A64D-B634940302B6}.Release|Any CPU.ActiveCfg = Release|Any CPU
		{43C465CF-D36A-4FDE-A64D-B634940302B6}.Release|Any CPU.Build.0 = Release|Any CPU
	EndGlobalSection
	GlobalSection(SolutionProperties) = preSolution
		HideSolutionNode = FALSE
	EndGlobalSection
	GlobalSection(ExtensibilityGlobals) = postSolution
		SolutionGuid = {68489725-5717-46A0-B305-B80CDC9C3E4D}
	EndGlobalSection
EndGlobal
