
Microsoft Visual Studio Solution File, Format Version 12.00
# Visual Studio Version 16
VisualStudioVersion = 16.0.31410.357
MinimumVisualStudioVersion = 10.0.40219.1
Project("{FAE04EC0-301F-11D3-BF4B-00C04F79EFBC}") = "OldBooks", "OldBooks\OldBooks.csproj", "{74B3756F-E8C1-49D8-A404-CB4AE8C49A98}"
EndProject
Project("{FAE04EC0-301F-11D3-BF4B-00C04F79EFBC}") = "ExamPreparations", "ExamPreparations\ExamPreparations.csproj", "{4F5F4573-2FD8-4B9F-851A-3EDDC60262C2}"
EndProject
Project("{FAE04EC0-301F-11D3-BF4B-00C04F79EFBC}") = "Vacantion", "Vacantion\Vacantion.csproj", "{3D2BDD94-D7CB-4510-84AC-297C92F76B34}"
EndProject
Project("{FAE04EC0-301F-11D3-BF4B-00C04F79EFBC}") = "Walking", "Walking\Walking.csproj", "{FFA0E113-2EC9-4164-AA8D-C07F25FBD100}"
EndProject
Project("{FAE04EC0-301F-11D3-BF4B-00C04F79EFBC}") = "Coins", "Coins\Coins.csproj", "{7BD09E45-049A-4AE9-9C01-4D29154D427C}"
EndProject
Project("{FAE04EC0-301F-11D3-BF4B-00C04F79EFBC}") = "Cake", "Cake\Cake.csproj", "{7EA6B046-E549-4499-B211-68283AEF60FA}"
EndProject
Global
	GlobalSection(SolutionConfigurationPlatforms) = preSolution
		Debug|Any CPU = Debug|Any CPU
		Release|Any CPU = Release|Any CPU
	EndGlobalSection
	GlobalSection(ProjectConfigurationPlatforms) = postSolution
		{74B3756F-E8C1-49D8-A404-CB4AE8C49A98}.Debug|Any CPU.ActiveCfg = Debug|Any CPU
		{74B3756F-E8C1-49D8-A404-CB4AE8C49A98}.Debug|Any CPU.Build.0 = Debug|Any CPU
		{74B3756F-E8C1-49D8-A404-CB4AE8C49A98}.Release|Any CPU.ActiveCfg = Release|Any CPU
		{74B3756F-E8C1-49D8-A404-CB4AE8C49A98}.Release|Any CPU.Build.0 = Release|Any CPU
		{4F5F4573-2FD8-4B9F-851A-3EDDC60262C2}.Debug|Any CPU.ActiveCfg = Debug|Any CPU
		{4F5F4573-2FD8-4B9F-851A-3EDDC60262C2}.Debug|Any CPU.Build.0 = Debug|Any CPU
		{4F5F4573-2FD8-4B9F-851A-3EDDC60262C2}.Release|Any CPU.ActiveCfg = Release|Any CPU
		{4F5F4573-2FD8-4B9F-851A-3EDDC60262C2}.Release|Any CPU.Build.0 = Release|Any CPU
		{3D2BDD94-D7CB-4510-84AC-297C92F76B34}.Debug|Any CPU.ActiveCfg = Debug|Any CPU
		{3D2BDD94-D7CB-4510-84AC-297C92F76B34}.Debug|Any CPU.Build.0 = Debug|Any CPU
		{3D2BDD94-D7CB-4510-84AC-297C92F76B34}.Release|Any CPU.ActiveCfg = Release|Any CPU
		{3D2BDD94-D7CB-4510-84AC-297C92F76B34}.Release|Any CPU.Build.0 = Release|Any CPU
		{FFA0E113-2EC9-4164-AA8D-C07F25FBD100}.Debug|Any CPU.ActiveCfg = Debug|Any CPU
		{FFA0E113-2EC9-4164-AA8D-C07F25FBD100}.Debug|Any CPU.Build.0 = Debug|Any CPU
		{FFA0E113-2EC9-4164-AA8D-C07F25FBD100}.Release|Any CPU.ActiveCfg = Release|Any CPU
		{FFA0E113-2EC9-4164-AA8D-C07F25FBD100}.Release|Any CPU.Build.0 = Release|Any CPU
		{7BD09E45-049A-4AE9-9C01-4D29154D427C}.Debug|Any CPU.ActiveCfg = Debug|Any CPU
		{7BD09E45-049A-4AE9-9C01-4D29154D427C}.Debug|Any CPU.Build.0 = Debug|Any CPU
		{7BD09E45-049A-4AE9-9C01-4D29154D427C}.Release|Any CPU.ActiveCfg = Release|Any CPU
		{7BD09E45-049A-4AE9-9C01-4D29154D427C}.Release|Any CPU.Build.0 = Release|Any CPU
		{7EA6B046-E549-4499-B211-68283AEF60FA}.Debug|Any CPU.ActiveCfg = Debug|Any CPU
		{7EA6B046-E549-4499-B211-68283AEF60FA}.Debug|Any CPU.Build.0 = Debug|Any CPU
		{7EA6B046-E549-4499-B211-68283AEF60FA}.Release|Any CPU.ActiveCfg = Release|Any CPU
		{7EA6B046-E549-4499-B211-68283AEF60FA}.Release|Any CPU.Build.0 = Release|Any CPU
	EndGlobalSection
	GlobalSection(SolutionProperties) = preSolution
		HideSolutionNode = FALSE
	EndGlobalSection
	GlobalSection(ExtensibilityGlobals) = postSolution
		SolutionGuid = {56D70974-7054-496A-88A4-79955288AC5E}
	EndGlobalSection
EndGlobal
