
Microsoft Visual Studio Solution File, Format Version 12.00
# Visual Studio Version 16
VisualStudioVersion = 16.0.31410.357
MinimumVisualStudioVersion = 10.0.40219.1
Project("{FAE04EC0-301F-11D3-BF4B-00C04F79EFBC}") = "ReverseStrings", "ReverseStrings\ReverseStrings.csproj", "{F2E1EE03-18EB-4221-9946-11AA8200CD47}"
EndProject
Project("{FAE04EC0-301F-11D3-BF4B-00C04F79EFBC}") = "StackSum", "StackSum\StackSum.csproj", "{0C9C502F-2923-40CE-BFCC-13839431AA7D}"
EndProject
Project("{FAE04EC0-301F-11D3-BF4B-00C04F79EFBC}") = "SimpleCalculator", "SimpleCalculator\SimpleCalculator.csproj", "{C5109F1E-5B75-4D9D-9C6E-AD1F9FF7E72C}"
EndProject
Project("{FAE04EC0-301F-11D3-BF4B-00C04F79EFBC}") = "MatchingBrackets", "MatchingBrackets\MatchingBrackets.csproj", "{85F0685C-22E1-4C0C-AD87-23A73E66B4F3}"
EndProject
Project("{FAE04EC0-301F-11D3-BF4B-00C04F79EFBC}") = "PrintEvenNumbers", "PrintEvenNumbers\PrintEvenNumbers.csproj", "{B369FFFE-A085-4E10-9FE2-1A104F530A88}"
EndProject
Project("{FAE04EC0-301F-11D3-BF4B-00C04F79EFBC}") = "Supermarket", "Supermarket\Supermarket.csproj", "{CD917188-FF79-4380-B423-2028DF794208}"
EndProject
Project("{FAE04EC0-301F-11D3-BF4B-00C04F79EFBC}") = "HotPotato", "HotPotato\HotPotato.csproj", "{F1A28C3C-FFEC-4C5E-89AB-46FEE9E27B98}"
EndProject
Project("{FAE04EC0-301F-11D3-BF4B-00C04F79EFBC}") = "TrafficJam", "TrafficJam\TrafficJam.csproj", "{77DBAF64-E8B7-4C59-9A9E-A5F839DC1835}"
EndProject
Global
	GlobalSection(SolutionConfigurationPlatforms) = preSolution
		Debug|Any CPU = Debug|Any CPU
		Release|Any CPU = Release|Any CPU
	EndGlobalSection
	GlobalSection(ProjectConfigurationPlatforms) = postSolution
		{F2E1EE03-18EB-4221-9946-11AA8200CD47}.Debug|Any CPU.ActiveCfg = Debug|Any CPU
		{F2E1EE03-18EB-4221-9946-11AA8200CD47}.Debug|Any CPU.Build.0 = Debug|Any CPU
		{F2E1EE03-18EB-4221-9946-11AA8200CD47}.Release|Any CPU.ActiveCfg = Release|Any CPU
		{F2E1EE03-18EB-4221-9946-11AA8200CD47}.Release|Any CPU.Build.0 = Release|Any CPU
		{0C9C502F-2923-40CE-BFCC-13839431AA7D}.Debug|Any CPU.ActiveCfg = Debug|Any CPU
		{0C9C502F-2923-40CE-BFCC-13839431AA7D}.Debug|Any CPU.Build.0 = Debug|Any CPU
		{0C9C502F-2923-40CE-BFCC-13839431AA7D}.Release|Any CPU.ActiveCfg = Release|Any CPU
		{0C9C502F-2923-40CE-BFCC-13839431AA7D}.Release|Any CPU.Build.0 = Release|Any CPU
		{C5109F1E-5B75-4D9D-9C6E-AD1F9FF7E72C}.Debug|Any CPU.ActiveCfg = Debug|Any CPU
		{C5109F1E-5B75-4D9D-9C6E-AD1F9FF7E72C}.Debug|Any CPU.Build.0 = Debug|Any CPU
		{C5109F1E-5B75-4D9D-9C6E-AD1F9FF7E72C}.Release|Any CPU.ActiveCfg = Release|Any CPU
		{C5109F1E-5B75-4D9D-9C6E-AD1F9FF7E72C}.Release|Any CPU.Build.0 = Release|Any CPU
		{85F0685C-22E1-4C0C-AD87-23A73E66B4F3}.Debug|Any CPU.ActiveCfg = Debug|Any CPU
		{85F0685C-22E1-4C0C-AD87-23A73E66B4F3}.Debug|Any CPU.Build.0 = Debug|Any CPU
		{85F0685C-22E1-4C0C-AD87-23A73E66B4F3}.Release|Any CPU.ActiveCfg = Release|Any CPU
		{85F0685C-22E1-4C0C-AD87-23A73E66B4F3}.Release|Any CPU.Build.0 = Release|Any CPU
		{B369FFFE-A085-4E10-9FE2-1A104F530A88}.Debug|Any CPU.ActiveCfg = Debug|Any CPU
		{B369FFFE-A085-4E10-9FE2-1A104F530A88}.Debug|Any CPU.Build.0 = Debug|Any CPU
		{B369FFFE-A085-4E10-9FE2-1A104F530A88}.Release|Any CPU.ActiveCfg = Release|Any CPU
		{B369FFFE-A085-4E10-9FE2-1A104F530A88}.Release|Any CPU.Build.0 = Release|Any CPU
		{CD917188-FF79-4380-B423-2028DF794208}.Debug|Any CPU.ActiveCfg = Debug|Any CPU
		{CD917188-FF79-4380-B423-2028DF794208}.Debug|Any CPU.Build.0 = Debug|Any CPU
		{CD917188-FF79-4380-B423-2028DF794208}.Release|Any CPU.ActiveCfg = Release|Any CPU
		{CD917188-FF79-4380-B423-2028DF794208}.Release|Any CPU.Build.0 = Release|Any CPU
		{F1A28C3C-FFEC-4C5E-89AB-46FEE9E27B98}.Debug|Any CPU.ActiveCfg = Debug|Any CPU
		{F1A28C3C-FFEC-4C5E-89AB-46FEE9E27B98}.Debug|Any CPU.Build.0 = Debug|Any CPU
		{F1A28C3C-FFEC-4C5E-89AB-46FEE9E27B98}.Release|Any CPU.ActiveCfg = Release|Any CPU
		{F1A28C3C-FFEC-4C5E-89AB-46FEE9E27B98}.Release|Any CPU.Build.0 = Release|Any CPU
		{77DBAF64-E8B7-4C59-9A9E-A5F839DC1835}.Debug|Any CPU.ActiveCfg = Debug|Any CPU
		{77DBAF64-E8B7-4C59-9A9E-A5F839DC1835}.Debug|Any CPU.Build.0 = Debug|Any CPU
		{77DBAF64-E8B7-4C59-9A9E-A5F839DC1835}.Release|Any CPU.ActiveCfg = Release|Any CPU
		{77DBAF64-E8B7-4C59-9A9E-A5F839DC1835}.Release|Any CPU.Build.0 = Release|Any CPU
	EndGlobalSection
	GlobalSection(SolutionProperties) = preSolution
		HideSolutionNode = FALSE
	EndGlobalSection
	GlobalSection(ExtensibilityGlobals) = postSolution
		SolutionGuid = {735EEDF3-76A7-4A89-8896-B9E183769776}
	EndGlobalSection
EndGlobal
