
Microsoft Visual Studio Solution File, Format Version 12.00
# Visual Studio Version 16
VisualStudioVersion = 16.0.31624.102
MinimumVisualStudioVersion = 10.0.40219.1
Project("{9A19103F-16F7-4668-BE54-9A1E7A4F7556}") = "P01_StudentSystem", "P01_StudentSystem\P01_StudentSystem.csproj", "{5B1EE907-FD7A-4EDE-BC63-DB486FF8F837}"
EndProject
Project("{FAE04EC0-301F-11D3-BF4B-00C04F79EFBC}") = "P03_FootballBetting", "P03_FootballBetting\P03_FootballBetting.csproj", "{CABEB58D-2BFE-40D0-9F43-6E4E71475D25}"
EndProject
Global
	GlobalSection(SolutionConfigurationPlatforms) = preSolution
		Debug|Any CPU = Debug|Any CPU
		Release|Any CPU = Release|Any CPU
	EndGlobalSection
	GlobalSection(ProjectConfigurationPlatforms) = postSolution
		{5B1EE907-FD7A-4EDE-BC63-DB486FF8F837}.Debug|Any CPU.ActiveCfg = Debug|Any CPU
		{5B1EE907-FD7A-4EDE-BC63-DB486FF8F837}.Debug|Any CPU.Build.0 = Debug|Any CPU
		{5B1EE907-FD7A-4EDE-BC63-DB486FF8F837}.Release|Any CPU.ActiveCfg = Release|Any CPU
		{5B1EE907-FD7A-4EDE-BC63-DB486FF8F837}.Release|Any CPU.Build.0 = Release|Any CPU
		{CABEB58D-2BFE-40D0-9F43-6E4E71475D25}.Debug|Any CPU.ActiveCfg = Debug|Any CPU
		{CABEB58D-2BFE-40D0-9F43-6E4E71475D25}.Debug|Any CPU.Build.0 = Debug|Any CPU
		{CABEB58D-2BFE-40D0-9F43-6E4E71475D25}.Release|Any CPU.ActiveCfg = Release|Any CPU
		{CABEB58D-2BFE-40D0-9F43-6E4E71475D25}.Release|Any CPU.Build.0 = Release|Any CPU
	EndGlobalSection
	GlobalSection(SolutionProperties) = preSolution
		HideSolutionNode = FALSE
	EndGlobalSection
	GlobalSection(ExtensibilityGlobals) = postSolution
		SolutionGuid = {7C14A50F-6F6A-4B3B-B777-16491B1BE62C}
	EndGlobalSection
EndGlobal
