
Microsoft Visual Studio Solution File, Format Version 12.00
# Visual Studio Version 16
VisualStudioVersion = 16.0.31129.286
MinimumVisualStudioVersion = 10.0.40219.1
Project("{9A19103F-16F7-4668-BE54-9A1E7A4F7556}") = "Train", "Train\Train.csproj", "{27CB77E8-A203-44CF-814E-EC26D0B71F38}"
EndProject
Project("{9A19103F-16F7-4668-BE54-9A1E7A4F7556}") = "ChangeList", "ChangeList\ChangeList.csproj", "{A50CBC83-F569-4E7D-A3C6-2AC00C43C279}"
EndProject
Project("{9A19103F-16F7-4668-BE54-9A1E7A4F7556}") = "HouseParty", "HouseParty\HouseParty.csproj", "{6B6DEA1F-7386-4795-8265-265DA8024ABA}"
EndProject
Project("{9A19103F-16F7-4668-BE54-9A1E7A4F7556}") = "ListOperations", "ListOperations\ListOperations.csproj", "{5F3DCD16-7D37-4C8F-8C69-11A1248F5C5F}"
EndProject
Project("{9A19103F-16F7-4668-BE54-9A1E7A4F7556}") = "BombNumbers", "BombNumbers\BombNumbers.csproj", "{75FB4658-F4BC-49BE-9A9A-11F377F735F9}"
EndProject
Project("{9A19103F-16F7-4668-BE54-9A1E7A4F7556}") = "CardsGame", "CardsGame\CardsGame.csproj", "{686CCFC1-4F58-401B-99A1-40BD8F712910}"
EndProject
Project("{FAE04EC0-301F-11D3-BF4B-00C04F79EFBC}") = "AppendArrays", "AppendArrays\AppendArrays.csproj", "{2F827822-FB2C-4A6C-9E66-8B92E893B509}"
EndProject
Global
	GlobalSection(SolutionConfigurationPlatforms) = preSolution
		Debug|Any CPU = Debug|Any CPU
		Release|Any CPU = Release|Any CPU
	EndGlobalSection
	GlobalSection(ProjectConfigurationPlatforms) = postSolution
		{27CB77E8-A203-44CF-814E-EC26D0B71F38}.Debug|Any CPU.ActiveCfg = Debug|Any CPU
		{27CB77E8-A203-44CF-814E-EC26D0B71F38}.Debug|Any CPU.Build.0 = Debug|Any CPU
		{27CB77E8-A203-44CF-814E-EC26D0B71F38}.Release|Any CPU.ActiveCfg = Release|Any CPU
		{27CB77E8-A203-44CF-814E-EC26D0B71F38}.Release|Any CPU.Build.0 = Release|Any CPU
		{A50CBC83-F569-4E7D-A3C6-2AC00C43C279}.Debug|Any CPU.ActiveCfg = Debug|Any CPU
		{A50CBC83-F569-4E7D-A3C6-2AC00C43C279}.Debug|Any CPU.Build.0 = Debug|Any CPU
		{A50CBC83-F569-4E7D-A3C6-2AC00C43C279}.Release|Any CPU.ActiveCfg = Release|Any CPU
		{A50CBC83-F569-4E7D-A3C6-2AC00C43C279}.Release|Any CPU.Build.0 = Release|Any CPU
		{6B6DEA1F-7386-4795-8265-265DA8024ABA}.Debug|Any CPU.ActiveCfg = Debug|Any CPU
		{6B6DEA1F-7386-4795-8265-265DA8024ABA}.Debug|Any CPU.Build.0 = Debug|Any CPU
		{6B6DEA1F-7386-4795-8265-265DA8024ABA}.Release|Any CPU.ActiveCfg = Release|Any CPU
		{6B6DEA1F-7386-4795-8265-265DA8024ABA}.Release|Any CPU.Build.0 = Release|Any CPU
		{5F3DCD16-7D37-4C8F-8C69-11A1248F5C5F}.Debug|Any CPU.ActiveCfg = Debug|Any CPU
		{5F3DCD16-7D37-4C8F-8C69-11A1248F5C5F}.Debug|Any CPU.Build.0 = Debug|Any CPU
		{5F3DCD16-7D37-4C8F-8C69-11A1248F5C5F}.Release|Any CPU.ActiveCfg = Release|Any CPU
		{5F3DCD16-7D37-4C8F-8C69-11A1248F5C5F}.Release|Any CPU.Build.0 = Release|Any CPU
		{75FB4658-F4BC-49BE-9A9A-11F377F735F9}.Debug|Any CPU.ActiveCfg = Debug|Any CPU
		{75FB4658-F4BC-49BE-9A9A-11F377F735F9}.Debug|Any CPU.Build.0 = Debug|Any CPU
		{75FB4658-F4BC-49BE-9A9A-11F377F735F9}.Release|Any CPU.ActiveCfg = Release|Any CPU
		{75FB4658-F4BC-49BE-9A9A-11F377F735F9}.Release|Any CPU.Build.0 = Release|Any CPU
		{686CCFC1-4F58-401B-99A1-40BD8F712910}.Debug|Any CPU.ActiveCfg = Debug|Any CPU
		{686CCFC1-4F58-401B-99A1-40BD8F712910}.Debug|Any CPU.Build.0 = Debug|Any CPU
		{686CCFC1-4F58-401B-99A1-40BD8F712910}.Release|Any CPU.ActiveCfg = Release|Any CPU
		{686CCFC1-4F58-401B-99A1-40BD8F712910}.Release|Any CPU.Build.0 = Release|Any CPU
		{2F827822-FB2C-4A6C-9E66-8B92E893B509}.Debug|Any CPU.ActiveCfg = Debug|Any CPU
		{2F827822-FB2C-4A6C-9E66-8B92E893B509}.Debug|Any CPU.Build.0 = Debug|Any CPU
		{2F827822-FB2C-4A6C-9E66-8B92E893B509}.Release|Any CPU.ActiveCfg = Release|Any CPU
		{2F827822-FB2C-4A6C-9E66-8B92E893B509}.Release|Any CPU.Build.0 = Release|Any CPU
	EndGlobalSection
	GlobalSection(SolutionProperties) = preSolution
		HideSolutionNode = FALSE
	EndGlobalSection
	GlobalSection(ExtensibilityGlobals) = postSolution
		SolutionGuid = {AFCED36B-BF0A-4E9B-81D9-F94A2E69F144}
	EndGlobalSection
EndGlobal
